lockfileVersion: "9.0"

settings:
  autoInstallPeers: true
  excludeLinksFromLockfile: false

importers:
  .:
    dependencies:
      "@mdit/plugin-figure":
        specifier: ^0.13.0
        version: 0.13.0(markdown-it@14.1.0)
      "@mdit/plugin-spoiler":
        specifier: ^0.13.0
        version: 0.13.0(markdown-it@14.1.0)
      alfaaz:
        specifier: ^1.1.0
        version: 1.1.0
      crypto-js:
        specifier: ^4.2.0
        version: 4.2.0
      js-yaml:
        specifier: ^4.1.0
        version: 4.1.0
      jsdom:
        specifier: ^24.1.1
        version: 24.1.1
      markdown-it:
        specifier: ^14.1.0
        version: 14.1.0
      markdown-it-container:
        specifier: ^3.0.0
        version: 3.0.0
      markdown-it-emoji:
        specifier: ^2.0.2
        version: 2.0.2
      markdown-it-mathjax3:
        specifier: ^4.3.2
        version: 4.3.2
      string-strip-html:
        specifier: ^13.4.8
        version: 13.4.8
    devDependencies:
      prettier:
        specifier: 3.3.3
        version: 3.3.3

packages:
  "@mdit/plugin-figure@0.13.0":
    resolution:
      {
        integrity: sha512-jjMwRCztQgTOWpX1z37JJXJqNe2bmNefvYk9Ck+CHAiurzVjwIY+o8igz1GDz/yKwZKJlLedRbMUK7vnP0oVmA==,
      }
    engines: { node: ">= 18" }
    peerDependencies:
      markdown-it: ^14.1.0
    peerDependenciesMeta:
      markdown-it:
        optional: true

  "@mdit/plugin-spoiler@0.13.0":
    resolution:
      {
        integrity: sha512-lMobumtuMFr/9UWdymBeFVC2GYxufAErIZstvbDtewKhiyuNeYFfGlRA2y6zBlenUvCihGl27CmbEwkqzUNCDA==,
      }
    engines: { node: ">= 18" }
    peerDependencies:
      markdown-it: ^14.1.0
    peerDependenciesMeta:
      markdown-it:
        optional: true

  "@types/linkify-it@5.0.0":
    resolution:
      {
        integrity: sha512-sVDA58zAw4eWAffKOaQH5/5j3XeayukzDk+ewSsnv3p4yJEZHCCzMDiZM8e0OUrRvmpGZ85jf4yDHkHsgBNr9Q==,
      }

  "@types/lodash-es@4.17.12":
    resolution:
      {
        integrity: sha512-0NgftHUcV4v34VhXm8QBSftKVXtbkBG3ViCjs6+eJ5a6y6Mi/jiFGPc1sC7QK+9BFhWrURE3EOggmWaSxL9OzQ==,
      }

  "@types/lodash@4.17.7":
    resolution:
      {
        integrity: sha512-8wTvZawATi/lsmNu10/j2hk1KEP0IvjubqPE3cu1Xz7xfXXt5oCq3SNUz4fMIP4XGF9Ky+Ue2tBA3hcS7LSBlA==,
      }

  "@types/markdown-it@14.1.2":
    resolution:
      {
        integrity: sha512-promo4eFwuiW+TfGxhi+0x3czqTYJkG8qB17ZUJiVF10Xm7NLVRSLUsfRTU/6h1e24VvRnXCx+hG7li58lkzog==,
      }

  "@types/mdurl@2.0.0":
    resolution:
      {
        integrity: sha512-RGdgjQUZba5p6QEFAVx2OGb8rQDL/cPRG7GiedRzMcJ1tYnUANBncjbSB1NRGwbvjcPeikRABz2nshyPk1bhWg==,
      }

  agent-base@7.1.1:
    resolution:
      {
        integrity: sha512-H0TSyFNDMomMNJQBn8wFV5YC/2eJ+VXECwOadZJT554xP6cODZHPX3H9QMQECxvrgiSOP1pHjy1sMWQVYJOUOA==,
      }
    engines: { node: ">= 14" }

  alfaaz@1.1.0:
    resolution:
      {
        integrity: sha512-J/P07R41APslK7NmD5303bwStN8jpRA4DdvtLeAr1Jhfj6XWGrASUWI0G6jbWjJAZyw3Lu1Pb4J8rsM/cb+xDQ==,
      }

  ansi-colors@4.1.3:
    resolution:
      {
        integrity: sha512-/6w/C21Pm1A7aZitlI5Ni/2J6FFQN8i1Cvz3kHABAAbw93v/NlvKdVOqz7CCWz/3iv/JplRSEEZ83XION15ovw==,
      }
    engines: { node: ">=6" }

  argparse@2.0.1:
    resolution:
      {
        integrity: sha512-8+9WqebbFzpX9OR+Wa6O29asIogeRMzcGtAINdpMHHyAg10f05aSFVBbcEqGf/PXw1EjAZ+q2/bEBg3DvurK3Q==,
      }

  asynckit@0.4.0:
    resolution:
      {
        integrity: sha512-Oei9OH4tRh0YqU3GxhX79dM/mwVgvbZJaSNaRk+bshkj0S5cfHcgYakreBjrHwatXKbz+IoIdYLxrKim2MjW0Q==,
      }

  boolbase@1.0.0:
    resolution:
      {
        integrity: sha512-JZOSA7Mo9sNGB8+UjSgzdLtokWAky1zbztM3WRLCbZ70/3cTANmQmOdR7y2g+J0e2WXywy1yS468tY+IruqEww==,
      }

  cheerio-select@1.6.0:
    resolution:
      {
        integrity: sha512-eq0GdBvxVFbqWgmCm7M3XGs1I8oLy/nExUnh6oLqmBditPO9AqQJrkslDpMun/hZ0yyTs8L0m85OHp4ho6Qm9g==,
      }

  cheerio@1.0.0-rc.10:
    resolution:
      {
        integrity: sha512-g0J0q/O6mW8z5zxQ3A8E8J1hUgp4SMOvEoW/x84OwyHKe/Zccz83PVT4y5Crcr530FV6NgmKI1qvGTKVl9XXVw==,
      }
    engines: { node: ">= 6" }

  codsen-utils@1.6.4:
    resolution:
      {
        integrity: sha512-PDyvQ5f2PValmqZZIJATimcokDt4JjIev8cKbZgEOoZm+U1IJDYuLeTcxZPQdep99R/X0RIlQ6ReQgPOVnPbNw==,
      }
    engines: { node: ">=14.18.0" }

  combined-stream@1.0.8:
    resolution:
      {
        integrity: sha512-FQN4MRfuJeHf7cBbBMJFXhKSDq+2kAArBlmRBvcvFE5BB1HZKXtSFASDhdlz9zOYwxh8lDdnvmMOe/+5cdoEdg==,
      }
    engines: { node: ">= 0.8" }

  commander@6.2.1:
    resolution:
      {
        integrity: sha512-U7VdrJFnJgo4xjrHpTzu0yrHPGImdsmD95ZlgYSEajAn2JKzDhDTPG9kBTefmObL2w/ngeZnilk+OV9CG3d7UA==,
      }
    engines: { node: ">= 6" }

  commander@9.2.0:
    resolution:
      {
        integrity: sha512-e2i4wANQiSXgnrBlIatyHtP1odfUp0BbV5Y5nEGbxtIrStkEOAAzCUirvLBNXHLr7kwLvJl6V+4V3XV9x7Wd9w==,
      }
    engines: { node: ^12.20.0 || >=14 }

  crypto-js@4.2.0:
    resolution:
      {
        integrity: sha512-KALDyEYgpY+Rlob/iriUtjV6d5Eq+Y191A5g4UqLAi8CyGP9N1+FdVbkc1SxKc2r4YAYqG8JzO2KGL+AizD70Q==,
      }

  css-select@4.3.0:
    resolution:
      {
        integrity: sha512-wPpOYtnsVontu2mODhA19JrqWxNsfdatRKd64kmpRbQgh1KtItko5sTnEpPdpSaJszTOhEMlF/RPz28qj4HqhQ==,
      }

  css-what@6.1.0:
    resolution:
      {
        integrity: sha512-HTUrgRJ7r4dsZKU6GjmpfRK1O76h97Z8MfS1G0FozR+oF2kG6Vfe8JE6zwrkbxigziPHinCJ+gCPjA9EaBDtRw==,
      }
    engines: { node: ">= 6" }

  cssstyle@4.0.1:
    resolution:
      {
        integrity: sha512-8ZYiJ3A/3OkDd093CBT/0UKDWry7ak4BdPTFP2+QEP7cmhouyq/Up709ASSj2cK02BbZiMgk7kYjZNS4QP5qrQ==,
      }
    engines: { node: ">=18" }

  data-urls@5.0.0:
    resolution:
      {
        integrity: sha512-ZYP5VBHshaDAiVZxjbRVcFJpc+4xGgT0bK3vzy1HLN8jTO975HEbuYzZJcHoQEY5K1a0z8YayJkyVETa08eNTg==,
      }
    engines: { node: ">=18" }

  debug@4.3.6:
    resolution:
      {
        integrity: sha512-O/09Bd4Z1fBrU4VzkhFqVgpPzaGbw6Sm9FEkBT1A/YBXQFGuuSxa1dN2nxgxS34JmKXqYx8CZAwEVoJFImUXIg==,
      }
    engines: { node: ">=6.0" }
    peerDependencies:
      supports-color: "*"
    peerDependenciesMeta:
      supports-color:
        optional: true

  decimal.js@10.4.3:
    resolution:
      {
        integrity: sha512-VBBaLc1MgL5XpzgIP7ny5Z6Nx3UrRkIViUkPUdtl9aya5amy3De1gsUUSB1g3+3sExYNjCAsAznmukyxCb1GRA==,
      }

  delayed-stream@1.0.0:
    resolution:
      {
        integrity: sha512-ZySD7Nf91aLB0RxL4KGrKHBXl7Eds1DAmEdcoVawXnLD7SDhpNgtuII2aAkg7a7QS41jxPSZ17p4VdGnMHk3MQ==,
      }
    engines: { node: ">=0.4.0" }

  dom-serializer@1.4.1:
    resolution:
      {
        integrity: sha512-VHwB3KfrcOOkelEG2ZOfxqLZdfkil8PtJi4P8N2MMXucZq2yLp75ClViUlOVwyoHEDjYU433Aq+5zWP61+RGag==,
      }

  domelementtype@2.3.0:
    resolution:
      {
        integrity: sha512-OLETBj6w0OsagBwdXnPdN0cnMfF9opN69co+7ZrbfPGrdpPVNBUj02spi6B1N7wChLQiPn4CSH/zJvXw56gmHw==,
      }

  domhandler@3.3.0:
    resolution:
      {
        integrity: sha512-J1C5rIANUbuYK+FuFL98650rihynUOEzRLxW+90bKZRWB6A1X1Tf82GxR1qAWLyfNPRvjqfip3Q5tdYlmAa9lA==,
      }
    engines: { node: ">= 4" }

  domhandler@4.3.1:
    resolution:
      {
        integrity: sha512-GrwoxYN+uWlzO8uhUXRl0P+kHE4GtVPfYzVLcUxPL7KNdHKj66vvlhiweIHqYYXWlw+T8iLMp42Lm67ghw4WMQ==,
      }
    engines: { node: ">= 4" }

  domutils@2.8.0:
    resolution:
      {
        integrity: sha512-w96Cjofp72M5IIhpjgobBimYEfoPjx1Vx0BSX9P30WBdZW2WIKU0T1Bd0kz2eNZ9ikjKgHbEyKx8BB6H1L3h3A==,
      }

  entities@2.2.0:
    resolution:
      {
        integrity: sha512-p92if5Nz619I0w+akJrLZH0MX0Pb5DX39XOwQTtXSdQQOaYH03S1uIQp4mhOZtAXrxq4ViO67YTiLBo2638o9A==,
      }

  entities@4.5.0:
    resolution:
      {
        integrity: sha512-V0hjH4dGPh9Ao5p0MoRY6BVqtwCjhz6vI5LT8AJ55H+4g9/4vbHx1I54fS0XuclLhDHArPQCiMjDxjaL8fPxhw==,
      }
    engines: { node: ">=0.12" }

  escape-goat@3.0.0:
    resolution:
      {
        integrity: sha512-w3PwNZJwRxlp47QGzhuEBldEqVHHhh8/tIPcl6ecf2Bou99cdAt0knihBV0Ecc7CGxYduXVBDheH1K2oADRlvw==,
      }
    engines: { node: ">=10" }

  esm@3.2.25:
    resolution:
      {
        integrity: sha512-U1suiZ2oDVWv4zPO56S0NcR5QriEahGtdN2OR6FiOG4WJvcjBVFB0qI4+eKoWFH483PKGuLuu6V8Z4T5g63UVA==,
      }
    engines: { node: ">=6" }

  form-data@4.0.0:
    resolution:
      {
        integrity: sha512-ETEklSGi5t0QMZuiXoA/Q6vcnxcLQP5vdugSpuAyi6SVGi2clPPp+xgEhuMaHC+zGgn31Kd235W35f7Hykkaww==,
      }
    engines: { node: ">= 6" }

  html-encoding-sniffer@4.0.0:
    resolution:
      {
        integrity: sha512-Y22oTqIU4uuPgEemfz7NDJz6OeKf12Lsu+QC+s3BVpda64lTiMYCyGwg5ki4vFxkMwQdeZDl2adZoqUgdFuTgQ==,
      }
    engines: { node: ">=18" }

  html-entities@2.5.2:
    resolution:
      {
        integrity: sha512-K//PSRMQk4FZ78Kyau+mZurHn3FH0Vwr+H36eE0rPbeYkRRi9YxceYPhuN60UwWorxyKHhqoAJl2OFKa4BVtaA==,
      }

  htmlparser2@5.0.1:
    resolution:
      {
        integrity: sha512-vKZZra6CSe9qsJzh0BjBGXo8dvzNsq/oGvsjfRdOrrryfeD9UOBEEQdeoqCRmKZchF5h2zOBMQ6YuQ0uRUmdbQ==,
      }

  htmlparser2@6.1.0:
    resolution:
      {
        integrity: sha512-gyyPk6rgonLFEDGoeRgQNaEUvdJ4ktTmmUh/h2t7s+M8oPpIPxgNACWa+6ESR57kXstwqPiCut0V8NRpcwgU7A==,
      }

  http-proxy-agent@7.0.2:
    resolution:
      {
        integrity: sha512-T1gkAiYYDWYx3V5Bmyu7HcfcvL7mUrTWiM6yOfa3PIphViJ/gFPbvidQ+veqSOHci/PxBcDabeUNCzpOODJZig==,
      }
    engines: { node: ">= 14" }

  https-proxy-agent@7.0.5:
    resolution:
      {
        integrity: sha512-1e4Wqeblerz+tMKPIq2EMGiiWW1dIjZOksyHWSUm1rmuvw/how9hBHZ38lAGj5ID4Ik6EdkOw7NmWPy6LAwalw==,
      }
    engines: { node: ">= 14" }

  iconv-lite@0.6.3:
    resolution:
      {
        integrity: sha512-4fCk79wshMdzMp2rH06qWrJE4iolqLhCUH+OiuIgU++RB0+94NlDL81atO7GX55uUKueo0txHNtvEyI6D7WdMw==,
      }
    engines: { node: ">=0.10.0" }

  is-potential-custom-element-name@1.0.1:
    resolution:
      {
        integrity: sha512-bCYeRA2rVibKZd+s2625gGnGF/t7DSqDs4dP7CrLA1m7jKWz6pps0LpYLJN8Q64HtmPKJ1hrN3nzPNKFEKOUiQ==,
      }

  js-yaml@4.1.0:
    resolution:
      {
        integrity: sha512-wpxZs9NoxZaJESJGIZTyDEaYpl0FKSA+FB9aJiyemKhMwkxQg63h4T1KJgUGHpTqPDNRcmmYLugrRjJlBtWvRA==,
      }
    hasBin: true

  jsdom@24.1.1:
    resolution:
      {
        integrity: sha512-5O1wWV99Jhq4DV7rCLIoZ/UIhyQeDR7wHVyZAHAshbrvZsLs+Xzz7gtwnlJTJDjleiTKh54F4dXrX70vJQTyJQ==,
      }
    engines: { node: ">=18" }
    peerDependencies:
      canvas: ^2.11.2
    peerDependenciesMeta:
      canvas:
        optional: true

  juice@8.1.0:
    resolution:
      {
        integrity: sha512-FLzurJrx5Iv1e7CfBSZH68dC04EEvXvvVvPYB7Vx1WAuhCp1ZPIMtqxc+WTWxVkpTIC2Ach/GAv0rQbtGf6YMA==,
      }
    engines: { node: ">=10.0.0" }
    hasBin: true

  linkify-it@5.0.0:
    resolution:
      {
        integrity: sha512-5aHCbzQRADcdP+ATqnDuhhJ/MRIqDkZX5pyjFHRRysS8vZ5AbqGEoFIb6pYHPZ+L/OC2Lc+xT8uHVVR5CAK/wQ==,
      }

  lodash-es@4.17.21:
    resolution:
      {
        integrity: sha512-mKnC+QJ9pWVzv+C4/U3rRsHapFfHvQFoFB92e52xeyGMcX6/OlIl78je1u8vePzYZSkkogMPJ2yjxxsb89cxyw==,
      }

  markdown-it-container@3.0.0:
    resolution:
      {
        integrity: sha512-y6oKTq4BB9OQuY/KLfk/O3ysFhB3IMYoIWhGJEidXt1NQFocFK2sA2t0NYZAMyMShAGL6x5OPIbrmXPIqaN9rw==,
      }

  markdown-it-emoji@2.0.2:
    resolution:
      {
        integrity: sha512-zLftSaNrKuYl0kR5zm4gxXjHaOI3FAOEaloKmRA5hijmJZvSjmxcokOLlzycb/HXlUFWzXqpIEoyEMCE4i9MvQ==,
      }

  markdown-it-mathjax3@4.3.2:
    resolution:
      {
        integrity: sha512-TX3GW5NjmupgFtMJGRauioMbbkGsOXAAt1DZ/rzzYmTHqzkO1rNAdiMD4NiruurToPApn2kYy76x02QN26qr2w==,
      }

  markdown-it@14.1.0:
    resolution:
      {
        integrity: sha512-a54IwgWPaeBCAAsv13YgmALOF1elABB08FxO9i+r4VFk5Vl4pKokRPeX8u5TCgSsPi6ec1otfLjdOpVcgbpshg==,
      }
    hasBin: true

  mathjax-full@3.2.2:
    resolution:
      {
        integrity: sha512-+LfG9Fik+OuI8SLwsiR02IVdjcnRCy5MufYLi0C3TdMT56L/pjB0alMVGgoWJF8pN9Rc7FESycZB9BMNWIid5w==,
      }

  mdurl@2.0.0:
    resolution:
      {
        integrity: sha512-Lf+9+2r+Tdp5wXDXC4PcIBjTDtq4UKjCPMQhKIuzpJNW0b96kVqSwW0bT7FhRSfmAiFYgP+SCRvdrDozfh0U5w==,
      }

  mensch@0.3.4:
    resolution:
      {
        integrity: sha512-IAeFvcOnV9V0Yk+bFhYR07O3yNina9ANIN5MoXBKYJ/RLYPurd2d0yw14MDhpr9/momp0WofT1bPUh3hkzdi/g==,
      }

  mhchemparser@4.2.1:
    resolution:
      {
        integrity: sha512-kYmyrCirqJf3zZ9t/0wGgRZ4/ZJw//VwaRVGA75C4nhE60vtnIzhl9J9ndkX/h6hxSN7pjg/cE0VxbnNM+bnDQ==,
      }

  mime-db@1.52.0:
    resolution:
      {
        integrity: sha512-sPU4uV7dYlvtWJxwwxHD0PuihVNiE7TyAbQ5SWxDCB9mUYvOgroQOwYQQOKPJ8CIbE+1ETVlOoK1UC2nU3gYvg==,
      }
    engines: { node: ">= 0.6" }

  mime-types@2.1.35:
    resolution:
      {
        integrity: sha512-ZDY+bPm5zTTF+YpCrAU9nK0UgICYPT0QtT1NZWFv4s++TNkcgVaT0g6+4R2uI4MjQjzysHB1zxuWL50hzaeXiw==,
      }
    engines: { node: ">= 0.6" }

  mime@2.6.0:
    resolution:
      {
        integrity: sha512-USPkMeET31rOMiarsBNIHZKLGgvKc/LrjofAnBlOttf5ajRvqiRA8QsenbcooctK6d6Ts6aqZXBA+XbkKthiQg==,
      }
    engines: { node: ">=4.0.0" }
    hasBin: true

  mj-context-menu@0.6.1:
    resolution:
      {
        integrity: sha512-7NO5s6n10TIV96d4g2uDpG7ZDpIhMh0QNfGdJw/W47JswFcosz457wqz/b5sAKvl12sxINGFCn80NZHKwxQEXA==,
      }

  ms@2.1.2:
    resolution:
      {
        integrity: sha512-sGkPx+VjMtmA6MX27oA4FBFELFCZZ4S4XqeGOXCv68tT+jb3vk/RyaKWP0PTKyWtmLSM0b+adUTEvbs1PEaH2w==,
      }

  node-fetch@2.7.0:
    resolution:
      {
        integrity: sha512-c4FRfUm/dbcWZ7U+1Wq0AwCyFL+3nt2bEw05wfxSz+DWpWsitgmSgYmy2dQdWyKC1694ELPqMs/YzUSNozLt8A==,
      }
    engines: { node: 4.x || >=6.0.0 }
    peerDependencies:
      encoding: ^0.1.0
    peerDependenciesMeta:
      encoding:
        optional: true

  nth-check@2.1.1:
    resolution:
      {
        integrity: sha512-lqjrjmaOoAnWfMmBPL+XNnynZh2+swxiX3WUE0s4yEHI6m+AwrK2UZOimIRl3X/4QctVqS8AiZjFqyOGrMXb/w==,
      }

  nwsapi@2.2.12:
    resolution:
      {
        integrity: sha512-qXDmcVlZV4XRtKFzddidpfVP4oMSGhga+xdMc25mv8kaLUHtgzCDhUxkrN8exkGdTlLNaXj7CV3GtON7zuGZ+w==,
      }

  parse5-htmlparser2-tree-adapter@6.0.1:
    resolution:
      {
        integrity: sha512-qPuWvbLgvDGilKc5BoicRovlT4MtYT6JfJyBOMDsKoiT+GiuP5qyrPCnR9HcPECIJJmZh5jRndyNThnhhb/vlA==,
      }

  parse5@6.0.1:
    resolution:
      {
        integrity: sha512-Ofn/CTFzRGTTxwpNEs9PP93gXShHcTq255nzRYSKe8AkVpZY7e1fpmTfOyoIvjP5HG7Z2ZM7VS9PPhQGW2pOpw==,
      }

  parse5@7.1.2:
    resolution:
      {
        integrity: sha512-Czj1WaSVpaoj0wbhMzLmWD69anp2WH7FXMB9n1Sy8/ZFF9jolSQVMu1Ij5WIyGmcBmhk7EOndpO4mIpihVqAXw==,
      }

  prettier@3.3.3:
    resolution:
      {
        integrity: sha512-i2tDNA0O5IrMO757lfrdQZCc2jPNDVntV0m/+4whiDfWaTKfMNgR7Qz0NAeGz/nRqF4m5/6CLzbP4/liHt12Ew==,
      }
    engines: { node: ">=14" }
    hasBin: true

  psl@1.9.0:
    resolution:
      {
        integrity: sha512-E/ZsdU4HLs/68gYzgGTkMicWTLPdAftJLfJFlLUAAKZGkStNU72sZjT66SnMDVOfOWY/YAoiD7Jxa9iHvngcag==,
      }

  punycode.js@2.3.1:
    resolution:
      {
        integrity: sha512-uxFIHU0YlHYhDQtV4R9J6a52SLx28BCjT+4ieh7IGbgwVJWO+km431c4yRlREUAsAmt/uMjQUyQHNEPf0M39CA==,
      }
    engines: { node: ">=6" }

  punycode@2.3.1:
    resolution:
      {
        integrity: sha512-vYt7UD1U9Wg6138shLtLOvdAu+8DsC/ilFtEVHcH+wydcSpNE20AfSOduf6MkRFahL5FY7X1oU7nKVZFtfq8Fg==,
      }
    engines: { node: ">=6" }

  querystringify@2.2.0:
    resolution:
      {
        integrity: sha512-FIqgj2EUvTa7R50u0rGsyTftzjYmv/a3hO345bZNrqabNqjtgiDMgmo4mkUjd+nzU5oF3dClKqFIPUKybUyqoQ==,
      }

  ranges-apply@7.0.16:
    resolution:
      {
        integrity: sha512-4rGJHOyA7qatiMDg3vcETkc/TVBPU86/xZRTXff6o7a2neYLmj0EXUUAlhLVuiWAzTPHDPHOQxtk8EDrIF4ohg==,
      }
    engines: { node: ">=14.18.0" }

  ranges-merge@9.0.15:
    resolution:
      {
        integrity: sha512-hvt4hx0FKIaVfjd1oKx0poL57ljxdL2KHC6bXBrAdsx2iCsH+x7nO/5J0k2veM/isnOcFZKp0ZKkiCjCtzy74Q==,
      }
    engines: { node: ">=14.18.0" }

  ranges-push@7.0.15:
    resolution:
      {
        integrity: sha512-gXpBYQ5Umf3uG6jkJnw5ddok2Xfo5p22rAJBLrqzNKa7qkj3q5AOCoxfRPXEHUVaJutfXc9K9eGXdIzdyQKPkw==,
      }
    engines: { node: ">=14.18.0" }

  ranges-sort@6.0.11:
    resolution:
      {
        integrity: sha512-fhNEG0vGi7bESitNNqNBAfYPdl2efB+1paFlI8BQDCNkruERKuuhG8LkQClDIVqUJLkrmKuOSPQ3xZHqVnVo3Q==,
      }
    engines: { node: ">=14.18.0" }

  requires-port@1.0.0:
    resolution:
      {
        integrity: sha512-KigOCHcocU3XODJxsu8i/j8T9tzT4adHiecwORRQ0ZZFcp7ahwXuRU1m+yuO90C5ZUyGeGfocHDI14M3L3yDAQ==,
      }

  rfdc@1.4.1:
    resolution:
      {
        integrity: sha512-q1b3N5QkRUWUl7iyylaaj3kOpIT0N2i9MqIEQXP73GVsN9cw3fdx8X63cEmWhJGi2PPCF23Ijp7ktmd39rawIA==,
      }

  rrweb-cssom@0.6.0:
    resolution:
      {
        integrity: sha512-APM0Gt1KoXBz0iIkkdB/kfvGOwC4UuJFeG/c+yV7wSc7q96cG/kJ0HiYCnzivD9SB53cLV1MlHFNfOuPaadYSw==,
      }

  rrweb-cssom@0.7.1:
    resolution:
      {
        integrity: sha512-TrEMa7JGdVm0UThDJSx7ddw5nVm3UJS9o9CCIZ72B1vSyEZoziDqBYP3XIoi/12lKrJR8rE3jeFHMok2F/Mnsg==,
      }

  safer-buffer@2.1.2:
    resolution:
      {
        integrity: sha512-YZo3K82SD7Riyi0E1EQPojLz7kpepnSQI9IyPbHHg1XXXevb5dJI7tpyN2ADxGcQbHG7vcyRHk0cbwqcQriUtg==,
      }

  saxes@6.0.0:
    resolution:
      {
        integrity: sha512-xAg7SOnEhrm5zI3puOOKyy1OMcMlIJZYNJY7xLBwSze0UjhPLnWfj2GF2EpT0jmzaJKIWKHLsaSSajf35bcYnA==,
      }
    engines: { node: ">=v12.22.7" }

  slick@1.12.2:
    resolution:
      {
        integrity: sha512-4qdtOGcBjral6YIBCWJ0ljFSKNLz9KkhbWtuGvUyRowl1kxfuE1x/Z/aJcaiilpb3do9bl5K7/1h9XC5wWpY/A==,
      }

  speech-rule-engine@4.0.7:
    resolution:
      {
        integrity: sha512-sJrL3/wHzNwJRLBdf6CjJWIlxC04iYKkyXvYSVsWVOiC2DSkHmxsqOhEeMsBA9XK+CHuNcsdkbFDnoUfAsmp9g==,
      }
    hasBin: true

  string-collapse-leading-whitespace@7.0.7:
    resolution:
      {
        integrity: sha512-jF9eynJoE6ezTCdYI8Qb02/ij/DlU9ItG93Dty4SWfJeLFrotOr+wH9IRiWHTqO3mjCyqBWEiU3uSTIbxYbAEQ==,
      }
    engines: { node: ">=14.18.0" }

  string-left-right@6.0.17:
    resolution:
      {
        integrity: sha512-nuyIV4D4ivnwT64E0TudmCRg52NfkumuEUilyoOrHb/Z2wEOF5I+9SI6P+veFKqWKZfGpAs6OqKe4nAjujARyw==,
      }
    engines: { node: ">=14.18.0" }

  string-strip-html@13.4.8:
    resolution:
      {
        integrity: sha512-vlcRAtx5DN6zXGUx3EYGFg0/JOQWM65mqLgDaBHviQPP+ovUFzqZ30iQ+674JHWr9wNgnzFGxx9TGipPZMnZXg==,
      }
    engines: { node: ">=14.18.0" }

  string-trim-spaces-only@5.0.10:
    resolution:
      {
        integrity: sha512-MhmjE5jNqb1Ylo+BARPRlsdChGLrnPpAUWrT1VOxo9WhWwKVUU6CbZTfjwKaQPYTGS/wsX/4Zek88FM2rEb5iA==,
      }
    engines: { node: ">=14.18.0" }

  symbol-tree@3.2.4:
    resolution:
      {
        integrity: sha512-9QNk5KwDF+Bvz+PyObkmSYjI5ksVUYtjW7AU22r2NKcfLJcXp96hkDWU3+XndOsUb+AQ9QhfzfCT2O+CNWT5Tw==,
      }

  tiny-invariant@1.3.3:
    resolution:
      {
        integrity: sha512-+FbBPE1o9QAYvviau/qC5SE3caw21q3xkvWKBtja5vgqOWIHHJ3ioaq1VPfn/Szqctz2bU/oYeKd9/z5BL+PVg==,
      }

  tough-cookie@4.1.4:
    resolution:
      {
        integrity: sha512-Loo5UUvLD9ScZ6jh8beX1T6sO1w2/MpCRpEP7V280GKMVUQ0Jzar2U3UJPsrdbziLEMMhu3Ujnq//rhiFuIeag==,
      }
    engines: { node: ">=6" }

  tr46@0.0.3:
    resolution:
      {
        integrity: sha512-N3WMsuqV66lT30CrXNbEjx4GEwlow3v6rr4mCcv6prnfwhS01rkgyFdjPNBYd9br7LpXV1+Emh01fHnq2Gdgrw==,
      }

  tr46@5.0.0:
    resolution:
      {
        integrity: sha512-tk2G5R2KRwBd+ZN0zaEXpmzdKyOYksXwywulIX95MBODjSzMIuQnQ3m8JxgbhnL1LeVo7lqQKsYa1O3Htl7K5g==,
      }
    engines: { node: ">=18" }

  tslib@2.6.2:
    resolution:
      {
        integrity: sha512-AEYxH93jGFPn/a2iVAwW87VuUIkR1FVUKB77NwMF7nBTDkDrrT/Hpt/IrCJ0QXhW27jTBDcf5ZY7w6RiqTMw2Q==,
      }

  uc.micro@2.1.0:
    resolution:
      {
        integrity: sha512-ARDJmphmdvUk6Glw7y9DQ2bFkKBHwQHLi2lsaH6PPmz/Ka9sFOBsBluozhDltWmnv9u/cF6Rt87znRTPV+yp/A==,
      }

  universalify@0.2.0:
    resolution:
      {
        integrity: sha512-CJ1QgKmNg3CwvAv/kOFmtnEN05f0D/cn9QntgNOQlQF9dgvVTHj3t+8JPdjqawCHk7V/KA+fbUqzZ9XWhcqPUg==,
      }
    engines: { node: ">= 4.0.0" }

  url-parse@1.5.10:
    resolution:
      {
        integrity: sha512-WypcfiRhfeUP9vvF0j6rw0J3hrWrw6iZv3+22h6iRMJ/8z1Tj6XfLP4DsUix5MhMPnXpiHDoKyoZ/bdCkwBCiQ==,
      }

  valid-data-url@3.0.1:
    resolution:
      {
        integrity: sha512-jOWVmzVceKlVVdwjNSenT4PbGghU0SBIizAev8ofZVgivk/TVHXSbNL8LP6M3spZvkR9/QolkyJavGSX5Cs0UA==,
      }
    engines: { node: ">=10" }

  w3c-xmlserializer@5.0.0:
    resolution:
      {
        integrity: sha512-o8qghlI8NZHU1lLPrpi2+Uq7abh4GGPpYANlalzWxyWteJOCsr/P+oPBA49TOLu5FTZO4d3F9MnWJfiMo4BkmA==,
      }
    engines: { node: ">=18" }

  web-resource-inliner@6.0.1:
    resolution:
      {
        integrity: sha512-kfqDxt5dTB1JhqsCUQVFDj0rmY+4HLwGQIsLPbyrsN9y9WV/1oFDSx3BQ4GfCv9X+jVeQ7rouTqwK53rA/7t8A==,
      }
    engines: { node: ">=10.0.0" }

  webidl-conversions@3.0.1:
    resolution:
      {
        integrity: sha512-2JAn3z8AR6rjK8Sm8orRC0h/bcl/DqL7tRPdGZ4I1CjdF+EaMLmYxBHyXuKL849eucPFhvBoxMsflfOb8kxaeQ==,
      }

  webidl-conversions@7.0.0:
    resolution:
      {
        integrity: sha512-VwddBukDzu71offAQR975unBIGqfKZpM+8ZX6ySk8nYhVoo5CYaZyzt3YBvYtRtO+aoGlqxPg/B87NGVZ/fu6g==,
      }
    engines: { node: ">=12" }

  whatwg-encoding@3.1.1:
    resolution:
      {
        integrity: sha512-6qN4hJdMwfYBtE3YBTTHhoeuUrDBPZmbQaxWAqSALV/MeEnR5z1xd8UKud2RAkFoPkmB+hli1TZSnyi84xz1vQ==,
      }
    engines: { node: ">=18" }

  whatwg-mimetype@4.0.0:
    resolution:
      {
        integrity: sha512-QaKxh0eNIi2mE9p2vEdzfagOKHCcj1pJ56EEHGQOVxp8r9/iszLUUV7v89x9O1p/T+NlTM5W7jW6+cz4Fq1YVg==,
      }
    engines: { node: ">=18" }

  whatwg-url@14.0.0:
    resolution:
      {
        integrity: sha512-1lfMEm2IEr7RIV+f4lUNPOqfFL+pO+Xw3fJSqmjX9AbXcXcYOkCe1P6+9VBZB6n94af16NfZf+sSk0JCBZC9aw==,
      }
    engines: { node: ">=18" }

  whatwg-url@5.0.0:
    resolution:
      {
        integrity: sha512-saE57nupxk6v3HY35+jzBwYa0rKSy0XR8JSxZPwgLr7ys0IBzhGviA1/TUGJLmSVqs8pb9AnvICXEuOHLprYTw==,
      }

  wicked-good-xpath@1.3.0:
    resolution:
      {
        integrity: sha512-Gd9+TUn5nXdwj/hFsPVx5cuHHiF5Bwuc30jZ4+ronF1qHK5O7HD0sgmXWSEgwKquT3ClLoKPVbO6qGwVwLzvAw==,
      }

  ws@8.18.0:
    resolution:
      {
        integrity: sha512-8VbfWfHLbbwu3+N6OKsOMpBdT4kXPDDB9cJk2bJ6mh9ucxdlnNvH1e+roYkKmN9Nxw2yjz7VzeO9oOz2zJ04Pw==,
      }
    engines: { node: ">=10.0.0" }
    peerDependencies:
      bufferutil: ^4.0.1
      utf-8-validate: ">=5.0.2"
    peerDependenciesMeta:
      bufferutil:
        optional: true
      utf-8-validate:
        optional: true

  xml-name-validator@5.0.0:
    resolution:
      {
        integrity: sha512-EvGK8EJ3DhaHfbRlETOWAS5pO9MZITeauHKJyb8wyajUfQUenkIg2MvLDTZ4T/TgIcm3HU0TFBgWWboAZ30UHg==,
      }
    engines: { node: ">=18" }

  xmlchars@2.2.0:
    resolution:
      {
        integrity: sha512-JZnDKK8B0RCDw84FNdDAIpZK+JuJw+s7Lz8nksI7SIuU3UXJJslUthsi+uWBUYOwPFwW7W7PRLRfUKpxjtjFCw==,
      }

  xmldom-sre@0.1.31:
    resolution:
      {
        integrity: sha512-f9s+fUkX04BxQf+7mMWAp5zk61pciie+fFLC9hX9UVvCeJQfNHRHXpeo5MPcR0EUf57PYLdt+ZO4f3Ipk2oZUw==,
      }
    engines: { node: ">=0.1" }

snapshots:
  "@mdit/plugin-figure@0.13.0(markdown-it@14.1.0)":
    dependencies:
      "@types/markdown-it": 14.1.2
    optionalDependencies:
      markdown-it: 14.1.0

  "@mdit/plugin-spoiler@0.13.0(markdown-it@14.1.0)":
    dependencies:
      "@types/markdown-it": 14.1.2
    optionalDependencies:
      markdown-it: 14.1.0

  "@types/linkify-it@5.0.0": {}

  "@types/lodash-es@4.17.12":
    dependencies:
      "@types/lodash": 4.17.7

  "@types/lodash@4.17.7": {}

  "@types/markdown-it@14.1.2":
    dependencies:
      "@types/linkify-it": 5.0.0
      "@types/mdurl": 2.0.0

  "@types/mdurl@2.0.0": {}

  agent-base@7.1.1:
    dependencies:
      debug: 4.3.6
    transitivePeerDependencies:
      - supports-color

  alfaaz@1.1.0: {}

  ansi-colors@4.1.3: {}

  argparse@2.0.1: {}

  asynckit@0.4.0: {}

  boolbase@1.0.0: {}

  cheerio-select@1.6.0:
    dependencies:
      css-select: 4.3.0
      css-what: 6.1.0
      domelementtype: 2.3.0
      domhandler: 4.3.1
      domutils: 2.8.0

  cheerio@1.0.0-rc.10:
    dependencies:
      cheerio-select: 1.6.0
      dom-serializer: 1.4.1
      domhandler: 4.3.1
      htmlparser2: 6.1.0
      parse5: 6.0.1
      parse5-htmlparser2-tree-adapter: 6.0.1
      tslib: 2.6.2

  codsen-utils@1.6.4:
    dependencies:
      rfdc: 1.4.1

  combined-stream@1.0.8:
    dependencies:
      delayed-stream: 1.0.0

  commander@6.2.1: {}

  commander@9.2.0: {}

  crypto-js@4.2.0: {}

  css-select@4.3.0:
    dependencies:
      boolbase: 1.0.0
      css-what: 6.1.0
      domhandler: 4.3.1
      domutils: 2.8.0
      nth-check: 2.1.1

  css-what@6.1.0: {}

  cssstyle@4.0.1:
    dependencies:
      rrweb-cssom: 0.6.0

  data-urls@5.0.0:
    dependencies:
      whatwg-mimetype: 4.0.0
      whatwg-url: 14.0.0

  debug@4.3.6:
    dependencies:
      ms: 2.1.2

  decimal.js@10.4.3: {}

  delayed-stream@1.0.0: {}

  dom-serializer@1.4.1:
    dependencies:
      domelementtype: 2.3.0
      domhandler: 4.3.1
      entities: 2.2.0

  domelementtype@2.3.0: {}

  domhandler@3.3.0:
    dependencies:
      domelementtype: 2.3.0

  domhandler@4.3.1:
    dependencies:
      domelementtype: 2.3.0

  domutils@2.8.0:
    dependencies:
      dom-serializer: 1.4.1
      domelementtype: 2.3.0
      domhandler: 4.3.1

  entities@2.2.0: {}

  entities@4.5.0: {}

  escape-goat@3.0.0: {}

  esm@3.2.25: {}

  form-data@4.0.0:
    dependencies:
      asynckit: 0.4.0
      combined-stream: 1.0.8
      mime-types: 2.1.35

  html-encoding-sniffer@4.0.0:
    dependencies:
      whatwg-encoding: 3.1.1

  html-entities@2.5.2: {}

  htmlparser2@5.0.1:
    dependencies:
      domelementtype: 2.3.0
      domhandler: 3.3.0
      domutils: 2.8.0
      entities: 2.2.0

  htmlparser2@6.1.0:
    dependencies:
      domelementtype: 2.3.0
      domhandler: 4.3.1
      domutils: 2.8.0
      entities: 2.2.0

  http-proxy-agent@7.0.2:
    dependencies:
      agent-base: 7.1.1
      debug: 4.3.6
    transitivePeerDependencies:
      - supports-color

  https-proxy-agent@7.0.5:
    dependencies:
      agent-base: 7.1.1
      debug: 4.3.6
    transitivePeerDependencies:
      - supports-color

  iconv-lite@0.6.3:
    dependencies:
      safer-buffer: 2.1.2

  is-potential-custom-element-name@1.0.1: {}

  js-yaml@4.1.0:
    dependencies:
      argparse: 2.0.1

  jsdom@24.1.1:
    dependencies:
      cssstyle: 4.0.1
      data-urls: 5.0.0
      decimal.js: 10.4.3
      form-data: 4.0.0
      html-encoding-sniffer: 4.0.0
      http-proxy-agent: 7.0.2
      https-proxy-agent: 7.0.5
      is-potential-custom-element-name: 1.0.1
      nwsapi: 2.2.12
      parse5: 7.1.2
      rrweb-cssom: 0.7.1
      saxes: 6.0.0
      symbol-tree: 3.2.4
      tough-cookie: 4.1.4
      w3c-xmlserializer: 5.0.0
      webidl-conversions: 7.0.0
      whatwg-encoding: 3.1.1
      whatwg-mimetype: 4.0.0
      whatwg-url: 14.0.0
      ws: 8.18.0
      xml-name-validator: 5.0.0
    transitivePeerDependencies:
      - bufferutil
      - supports-color
      - utf-8-validate

  juice@8.1.0:
    dependencies:
      cheerio: 1.0.0-rc.10
      commander: 6.2.1
      mensch: 0.3.4
      slick: 1.12.2
      web-resource-inliner: 6.0.1
    transitivePeerDependencies:
      - encoding

  linkify-it@5.0.0:
    dependencies:
      uc.micro: 2.1.0

  lodash-es@4.17.21: {}

  markdown-it-container@3.0.0: {}

  markdown-it-emoji@2.0.2: {}

  markdown-it-mathjax3@4.3.2:
    dependencies:
      juice: 8.1.0
      mathjax-full: 3.2.2
    transitivePeerDependencies:
      - encoding

  markdown-it@14.1.0:
    dependencies:
      argparse: 2.0.1
      entities: 4.5.0
      linkify-it: 5.0.0
      mdurl: 2.0.0
      punycode.js: 2.3.1
      uc.micro: 2.1.0

  mathjax-full@3.2.2:
    dependencies:
      esm: 3.2.25
      mhchemparser: 4.2.1
      mj-context-menu: 0.6.1
      speech-rule-engine: 4.0.7

  mdurl@2.0.0: {}

  mensch@0.3.4: {}

  mhchemparser@4.2.1: {}

  mime-db@1.52.0: {}

  mime-types@2.1.35:
    dependencies:
      mime-db: 1.52.0

  mime@2.6.0: {}

  mj-context-menu@0.6.1: {}

  ms@2.1.2: {}

  node-fetch@2.7.0:
    dependencies:
      whatwg-url: 5.0.0

  nth-check@2.1.1:
    dependencies:
      boolbase: 1.0.0

  nwsapi@2.2.12: {}

  parse5-htmlparser2-tree-adapter@6.0.1:
    dependencies:
      parse5: 6.0.1

  parse5@6.0.1: {}

  parse5@7.1.2:
    dependencies:
      entities: 4.5.0

  prettier@3.3.3: {}

  psl@1.9.0: {}

  punycode.js@2.3.1: {}

  punycode@2.3.1: {}

  querystringify@2.2.0: {}

  ranges-apply@7.0.16:
    dependencies:
      ranges-merge: 9.0.15
      tiny-invariant: 1.3.3

  ranges-merge@9.0.15:
    dependencies:
      ranges-push: 7.0.15
      ranges-sort: 6.0.11

  ranges-push@7.0.15:
    dependencies:
      codsen-utils: 1.6.4
      ranges-sort: 6.0.11
      string-collapse-leading-whitespace: 7.0.7
      string-trim-spaces-only: 5.0.10

  ranges-sort@6.0.11: {}

  requires-port@1.0.0: {}

  rfdc@1.4.1: {}

  rrweb-cssom@0.6.0: {}

  rrweb-cssom@0.7.1: {}

  safer-buffer@2.1.2: {}

  saxes@6.0.0:
    dependencies:
      xmlchars: 2.2.0

  slick@1.12.2: {}

  speech-rule-engine@4.0.7:
    dependencies:
      commander: 9.2.0
      wicked-good-xpath: 1.3.0
      xmldom-sre: 0.1.31

  string-collapse-leading-whitespace@7.0.7: {}

  string-left-right@6.0.17:
    dependencies:
      codsen-utils: 1.6.4
      rfdc: 1.4.1

  string-strip-html@13.4.8:
    dependencies:
      "@types/lodash-es": 4.17.12
      codsen-utils: 1.6.4
      html-entities: 2.5.2
      lodash-es: 4.17.21
      ranges-apply: 7.0.16
      ranges-push: 7.0.15
      string-left-right: 6.0.17

  string-trim-spaces-only@5.0.10: {}

  symbol-tree@3.2.4: {}

  tiny-invariant@1.3.3: {}

  tough-cookie@4.1.4:
    dependencies:
      psl: 1.9.0
      punycode: 2.3.1
      universalify: 0.2.0
      url-parse: 1.5.10

  tr46@0.0.3: {}

  tr46@5.0.0:
    dependencies:
      punycode: 2.3.1

  tslib@2.6.2: {}

  uc.micro@2.1.0: {}

  universalify@0.2.0: {}

  url-parse@1.5.10:
    dependencies:
      querystringify: 2.2.0
      requires-port: 1.0.0

  valid-data-url@3.0.1: {}

  w3c-xmlserializer@5.0.0:
    dependencies:
      xml-name-validator: 5.0.0

  web-resource-inliner@6.0.1:
    dependencies:
      ansi-colors: 4.1.3
      escape-goat: 3.0.0
      htmlparser2: 5.0.1
      mime: 2.6.0
      node-fetch: 2.7.0
      valid-data-url: 3.0.1
    transitivePeerDependencies:
      - encoding

  webidl-conversions@3.0.1: {}

  webidl-conversions@7.0.0: {}

  whatwg-encoding@3.1.1:
    dependencies:
      iconv-lite: 0.6.3

  whatwg-mimetype@4.0.0: {}

  whatwg-url@14.0.0:
    dependencies:
      tr46: 5.0.0
      webidl-conversions: 7.0.0

  whatwg-url@5.0.0:
    dependencies:
      tr46: 0.0.3
      webidl-conversions: 3.0.1

  wicked-good-xpath@1.3.0: {}

  ws@8.18.0: {}

  xml-name-validator@5.0.0: {}

  xmlchars@2.2.0: {}

  xmldom-sre@0.1.31: {}
